// !$*UTF8*$!
{
	archiveVersion = 1;
	classes = {
	};
	objectVersion = 46;
	objects = {

/* Begin PBXBuildFile section */
		74C9DAE71DDB6C75007F7A67 /* AppDelegate.swift in Sources */ = {isa = PBXBuildFile; fileRef = 74C9DAE61DDB6C75007F7A67 /* AppDelegate.swift */; };
		74C9DAE91DDB6C75007F7A67 /* ViewController.swift in Sources */ = {isa = PBXBuildFile; fileRef = 74C9DAE81DDB6C75007F7A67 /* ViewController.swift */; };
		74C9DAEC1DDB6C75007F7A67 /* Main.storyboard in Resources */ = {isa = PBXBuildFile; fileRef = 74C9DAEA1DDB6C75007F7A67 /* Main.storyboard */; };
		74C9DAEE1DDB6C75007F7A67 /* Assets.xcassets in Resources */ = {isa = PBXBuildFile; fileRef = 74C9DAED1DDB6C75007F7A67 /* Assets.xcassets */; };
		74C9DAF11DDB6C75007F7A67 /* LaunchScreen.storyboard in Resources */ = {isa = PBXBuildFile; fileRef = 74C9DAEF1DDB6C75007F7A67 /* LaunchScreen.storyboard */; };
		74C9DB111DDB6E3F007F7A67 /* SocketAckEmitter.swift in Sources */ = {isa = PBXBuildFile; fileRef = 74C9DAF91DDB6E3F007F7A67 /* SocketAckEmitter.swift */; };
		74C9DB121DDB6E3F007F7A67 /* SocketAckManager.swift in Sources */ = {isa = PBXBuildFile; fileRef = 74C9DAFA1DDB6E3F007F7A67 /* SocketAckManager.swift */; };
		74C9DB131DDB6E3F007F7A67 /* SocketAnyEvent.swift in Sources */ = {isa = PBXBuildFile; fileRef = 74C9DAFB1DDB6E3F007F7A67 /* SocketAnyEvent.swift */; };
		74C9DB141DDB6E3F007F7A67 /* SocketClientManager.swift in Sources */ = {isa = PBXBuildFile; fileRef = 74C9DAFC1DDB6E3F007F7A67 /* SocketClientManager.swift */; };
		74C9DB151DDB6E3F007F7A67 /* SocketEngine.swift in Sources */ = {isa = PBXBuildFile; fileRef = 74C9DAFD1DDB6E3F007F7A67 /* SocketEngine.swift */; };
		74C9DB161DDB6E3F007F7A67 /* SocketEngineClient.swift in Sources */ = {isa = PBXBuildFile; fileRef = 74C9DAFE1DDB6E3F007F7A67 /* SocketEngineClient.swift */; };
		74C9DB171DDB6E3F007F7A67 /* SocketEnginePacketType.swift in Sources */ = {isa = PBXBuildFile; fileRef = 74C9DAFF1DDB6E3F007F7A67 /* SocketEnginePacketType.swift */; };
		74C9DB181DDB6E3F007F7A67 /* SocketEnginePollable.swift in Sources */ = {isa = PBXBuildFile; fileRef = 74C9DB001DDB6E3F007F7A67 /* SocketEnginePollable.swift */; };
		74C9DB191DDB6E3F007F7A67 /* SocketEngineSpec.swift in Sources */ = {isa = PBXBuildFile; fileRef = 74C9DB011DDB6E3F007F7A67 /* SocketEngineSpec.swift */; };
		74C9DB1A1DDB6E3F007F7A67 /* SocketEngineWebsocket.swift in Sources */ = {isa = PBXBuildFile; fileRef = 74C9DB021DDB6E3F007F7A67 /* SocketEngineWebsocket.swift */; };
		74C9DB1B1DDB6E3F007F7A67 /* SocketEventHandler.swift in Sources */ = {isa = PBXBuildFile; fileRef = 74C9DB031DDB6E3F007F7A67 /* SocketEventHandler.swift */; };
		74C9DB1C1DDB6E3F007F7A67 /* SocketExtensions.swift in Sources */ = {isa = PBXBuildFile; fileRef = 74C9DB041DDB6E3F007F7A67 /* SocketExtensions.swift */; };
		74C9DB1D1DDB6E3F007F7A67 /* SocketIOClient.swift in Sources */ = {isa = PBXBuildFile; fileRef = 74C9DB051DDB6E3F007F7A67 /* SocketIOClient.swift */; };
		74C9DB1E1DDB6E3F007F7A67 /* SocketIOClientConfiguration.swift in Sources */ = {isa = PBXBuildFile; fileRef = 74C9DB061DDB6E3F007F7A67 /* SocketIOClientConfiguration.swift */; };
		74C9DB1F1DDB6E3F007F7A67 /* SocketIOClientOption.swift in Sources */ = {isa = PBXBuildFile; fileRef = 74C9DB071DDB6E3F007F7A67 /* SocketIOClientOption.swift */; };
		74C9DB201DDB6E3F007F7A67 /* SocketIOClientSpec.swift in Sources */ = {isa = PBXBuildFile; fileRef = 74C9DB081DDB6E3F007F7A67 /* SocketIOClientSpec.swift */; };
		74C9DB211DDB6E3F007F7A67 /* SocketIOClientStatus.swift in Sources */ = {isa = PBXBuildFile; fileRef = 74C9DB091DDB6E3F007F7A67 /* SocketIOClientStatus.swift */; };
		74C9DB221DDB6E3F007F7A67 /* SocketLogger.swift in Sources */ = {isa = PBXBuildFile; fileRef = 74C9DB0A1DDB6E3F007F7A67 /* SocketLogger.swift */; };
		74C9DB231DDB6E3F007F7A67 /* SocketPacket.swift in Sources */ = {isa = PBXBuildFile; fileRef = 74C9DB0B1DDB6E3F007F7A67 /* SocketPacket.swift */; };
		74C9DB241DDB6E3F007F7A67 /* SocketParsable.swift in Sources */ = {isa = PBXBuildFile; fileRef = 74C9DB0C1DDB6E3F007F7A67 /* SocketParsable.swift */; };
		74C9DB251DDB6E3F007F7A67 /* SocketStringReader.swift in Sources */ = {isa = PBXBuildFile; fileRef = 74C9DB0D1DDB6E3F007F7A67 /* SocketStringReader.swift */; };
		74C9DB261DDB6E3F007F7A67 /* SocketTypes.swift in Sources */ = {isa = PBXBuildFile; fileRef = 74C9DB0E1DDB6E3F007F7A67 /* SocketTypes.swift */; };
		74C9DB271DDB6E3F007F7A67 /* SSLSecurity.swift in Sources */ = {isa = PBXBuildFile; fileRef = 74C9DB0F1DDB6E3F007F7A67 /* SSLSecurity.swift */; };
		74C9DB281DDB6E3F007F7A67 /* WebSocket.swift in Sources */ = {isa = PBXBuildFile; fileRef = 74C9DB101DDB6E3F007F7A67 /* WebSocket.swift */; };
/* End PBXBuildFile section */

/* Begin PBXFileReference section */
		74C9DAE31DDB6C75007F7A67 /* remoteio.app */ = {isa = PBXFileReference; explicitFileType = wrapper.application; includeInIndex = 0; path = remoteio.app; sourceTree = BUILT_PRODUCTS_DIR; };
		74C9DAE61DDB6C75007F7A67 /* AppDelegate.swift */ = {isa = PBXFileReference; lastKnownFileType = sourcecode.swift; path = AppDelegate.swift; sourceTree = "<group>"; };
		74C9DAE81DDB6C75007F7A67 /* ViewController.swift */ = {isa = PBXFileReference; lastKnownFileType = sourcecode.swift; path = ViewController.swift; sourceTree = "<group>"; };
		74C9DAEB1DDB6C75007F7A67 /* Base */ = {isa = PBXFileReference; lastKnownFileType = file.storyboard; name = Base; path = Base.lproj/Main.storyboard; sourceTree = "<group>"; };
		74C9DAED1DDB6C75007F7A67 /* Assets.xcassets */ = {isa = PBXFileReference; lastKnownFileType = folder.assetcatalog; path = Assets.xcassets; sourceTree = "<group>"; };
		74C9DAF01DDB6C75007F7A67 /* Base */ = {isa = PBXFileReference; lastKnownFileType = file.storyboard; name = Base; path = Base.lproj/LaunchScreen.storyboard; sourceTree = "<group>"; };
		74C9DAF21DDB6C75007F7A67 /* Info.plist */ = {isa = PBXFileReference; lastKnownFileType = text.plist.xml; path = Info.plist; sourceTree = "<group>"; };
		74C9DAF91DDB6E3F007F7A67 /* SocketAckEmitter.swift */ = {isa = PBXFileReference; fileEncoding = 4; lastKnownFileType = sourcecode.swift; name = SocketAckEmitter.swift; path = ../../socketio/Source/SocketAckEmitter.swift; sourceTree = "<group>"; };
		74C9DAFA1DDB6E3F007F7A67 /* SocketAckManager.swift */ = {isa = PBXFileReference; fileEncoding = 4; lastKnownFileType = sourcecode.swift; name = SocketAckManager.swift; path = ../../socketio/Source/SocketAckManager.swift; sourceTree = "<group>"; };
		74C9DAFB1DDB6E3F007F7A67 /* SocketAnyEvent.swift */ = {isa = PBXFileReference; fileEncoding = 4; lastKnownFileType = sourcecode.swift; name = SocketAnyEvent.swift; path = ../../socketio/Source/SocketAnyEvent.swift; sourceTree = "<group>"; };
		74C9DAFC1DDB6E3F007F7A67 /* SocketClientManager.swift */ = {isa = PBXFileReference; fileEncoding = 4; lastKnownFileType = sourcecode.swift; name = SocketClientManager.swift; path = ../../socketio/Source/SocketClientManager.swift; sourceTree = "<group>"; };
		74C9DAFD1DDB6E3F007F7A67 /* SocketEngine.swift */ = {isa = PBXFileReference; fileEncoding = 4; lastKnownFileType = sourcecode.swift; name = SocketEngine.swift; path = ../../socketio/Source/SocketEngine.swift; sourceTree = "<group>"; };
		74C9DAFE1DDB6E3F007F7A67 /* SocketEngineClient.swift */ = {isa = PBXFileReference; fileEncoding = 4; lastKnownFileType = sourcecode.swift; name = SocketEngineClient.swift; path = ../../socketio/Source/SocketEngineClient.swift; sourceTree = "<group>"; };
		74C9DAFF1DDB6E3F007F7A67 /* SocketEnginePacketType.swift */ = {isa = PBXFileReference; fileEncoding = 4; lastKnownFileType = sourcecode.swift; name = SocketEnginePacketType.swift; path = ../../socketio/Source/SocketEnginePacketType.swift; sourceTree = "<group>"; };
		74C9DB001DDB6E3F007F7A67 /* SocketEnginePollable.swift */ = {isa = PBXFileReference; fileEncoding = 4; lastKnownFileType = sourcecode.swift; name = SocketEnginePollable.swift; path = ../../socketio/Source/SocketEnginePollable.swift; sourceTree = "<group>"; };
		74C9DB011DDB6E3F007F7A67 /* SocketEngineSpec.swift */ = {isa = PBXFileReference; fileEncoding = 4; lastKnownFileType = sourcecode.swift; name = SocketEngineSpec.swift; path = ../../socketio/Source/SocketEngineSpec.swift; sourceTree = "<group>"; };
		74C9DB021DDB6E3F007F7A67 /* SocketEngineWebsocket.swift */ = {isa = PBXFileReference; fileEncoding = 4; lastKnownFileType = sourcecode.swift; name = SocketEngineWebsocket.swift; path = ../../socketio/Source/SocketEngineWebsocket.swift; sourceTree = "<group>"; };
		74C9DB031DDB6E3F007F7A67 /* SocketEventHandler.swift */ = {isa = PBXFileReference; fileEncoding = 4; lastKnownFileType = sourcecode.swift; name = SocketEventHandler.swift; path = ../../socketio/Source/SocketEventHandler.swift; sourceTree = "<group>"; };
		74C9DB041DDB6E3F007F7A67 /* SocketExtensions.swift */ = {isa = PBXFileReference; fileEncoding = 4; lastKnownFileType = sourcecode.swift; name = SocketExtensions.swift; path = ../../socketio/Source/SocketExtensions.swift; sourceTree = "<group>"; };
		74C9DB051DDB6E3F007F7A67 /* SocketIOClient.swift */ = {isa = PBXFileReference; fileEncoding = 4; lastKnownFileType = sourcecode.swift; name = SocketIOClient.swift; path = ../../socketio/Source/SocketIOClient.swift; sourceTree = "<group>"; };
		74C9DB061DDB6E3F007F7A67 /* SocketIOClientConfiguration.swift */ = {isa = PBXFileReference; fileEncoding = 4; lastKnownFileType = sourcecode.swift; name = SocketIOClientConfiguration.swift; path = ../../socketio/Source/SocketIOClientConfiguration.swift; sourceTree = "<group>"; };
		74C9DB071DDB6E3F007F7A67 /* SocketIOClientOption.swift */ = {isa = PBXFileReference; fileEncoding = 4; lastKnownFileType = sourcecode.swift; name = SocketIOClientOption.swift; path = ../../socketio/Source/SocketIOClientOption.swift; sourceTree = "<group>"; };
		74C9DB081DDB6E3F007F7A67 /* SocketIOClientSpec.swift */ = {isa = PBXFileReference; fileEncoding = 4; lastKnownFileType = sourcecode.swift; name = SocketIOClientSpec.swift; path = ../../socketio/Source/SocketIOClientSpec.swift; sourceTree = "<group>"; };
		74C9DB091DDB6E3F007F7A67 /* SocketIOClientStatus.swift */ = {isa = PBXFileReference; fileEncoding = 4; lastKnownFileType = sourcecode.swift; name = SocketIOClientStatus.swift; path = ../../socketio/Source/SocketIOClientStatus.swift; sourceTree = "<group>"; };
		74C9DB0A1DDB6E3F007F7A67 /* SocketLogger.swift */ = {isa = PBXFileReference; fileEncoding = 4; lastKnownFileType = sourcecode.swift; name = SocketLogger.swift; path = ../../socketio/Source/SocketLogger.swift; sourceTree = "<group>"; };
		74C9DB0B1DDB6E3F007F7A67 /* SocketPacket.swift */ = {isa = PBXFileReference; fileEncoding = 4; lastKnownFileType = sourcecode.swift; name = SocketPacket.swift; path = ../../socketio/Source/SocketPacket.swift; sourceTree = "<group>"; };
		74C9DB0C1DDB6E3F007F7A67 /* SocketParsable.swift */ = {isa = PBXFileReference; fileEncoding = 4; lastKnownFileType = sourcecode.swift; name = SocketParsable.swift; path = ../../socketio/Source/SocketParsable.swift; sourceTree = "<group>"; };
		74C9DB0D1DDB6E3F007F7A67 /* SocketStringReader.swift */ = {isa = PBXFileReference; fileEncoding = 4; lastKnownFileType = sourcecode.swift; name = SocketStringReader.swift; path = ../../socketio/Source/SocketStringReader.swift; sourceTree = "<group>"; };
		74C9DB0E1DDB6E3F007F7A67 /* SocketTypes.swift */ = {isa = PBXFileReference; fileEncoding = 4; lastKnownFileType = sourcecode.swift; name = SocketTypes.swift; path = ../../socketio/Source/SocketTypes.swift; sourceTree = "<group>"; };
		74C9DB0F1DDB6E3F007F7A67 /* SSLSecurity.swift */ = {isa = PBXFileReference; fileEncoding = 4; lastKnownFileType = sourcecode.swift; name = SSLSecurity.swift; path = ../../socketio/Source/SSLSecurity.swift; sourceTree = "<group>"; };
		74C9DB101DDB6E3F007F7A67 /* WebSocket.swift */ = {isa = PBXFileReference; fileEncoding = 4; lastKnownFileType = sourcecode.swift; name = WebSocket.swift; path = ../../socketio/Source/WebSocket.swift; sourceTree = "<group>"; };
		74C9DB291DDB76DE007F7A67 /* nodejs */ = {isa = PBXFileReference; lastKnownFileType = folder; name = nodejs; path = ../../nodejs; sourceTree = "<group>"; };
/* End PBXFileReference section */

/* Begin PBXFrameworksBuildPhase section */
		74C9DAE01DDB6C75007F7A67 /* Frameworks */ = {
			isa = PBXFrameworksBuildPhase;
			buildActionMask = 2147483647;
			files = (
			);
			runOnlyForDeploymentPostprocessing = 0;
		};
/* End PBXFrameworksBuildPhase section */

/* Begin PBXGroup section */
		74C9DADA1DDB6C75007F7A67 = {
			isa = PBXGroup;
			children = (
				74C9DB291DDB76DE007F7A67 /* nodejs */,
				74C9DAE51DDB6C75007F7A67 /* remoteio */,
				74C9DAE41DDB6C75007F7A67 /* Products */,
			);
			sourceTree = "<group>";
		};
		74C9DAE41DDB6C75007F7A67 /* Products */ = {
			isa = PBXGroup;
			children = (
				74C9DAE31DDB6C75007F7A67 /* remoteio.app */,
			);
			name = Products;
			sourceTree = "<group>";
		};
		74C9DAE51DDB6C75007F7A67 /* remoteio */ = {
			isa = PBXGroup;
			children = (
				74C9DAF81DDB6E11007F7A67 /* socketio */,
				74C9DAE61DDB6C75007F7A67 /* AppDelegate.swift */,
				74C9DAE81DDB6C75007F7A67 /* ViewController.swift */,
				74C9DAEA1DDB6C75007F7A67 /* Main.storyboard */,
				74C9DAED1DDB6C75007F7A67 /* Assets.xcassets */,
				74C9DAEF1DDB6C75007F7A67 /* LaunchScreen.storyboard */,
				74C9DAF21DDB6C75007F7A67 /* Info.plist */,
			);
			path = remoteio;
			sourceTree = "<group>";
		};
		74C9DAF81DDB6E11007F7A67 /* socketio */ = {
			isa = PBXGroup;
			children = (
				74C9DAF91DDB6E3F007F7A67 /* SocketAckEmitter.swift */,
				74C9DAFA1DDB6E3F007F7A67 /* SocketAckManager.swift */,
				74C9DAFB1DDB6E3F007F7A67 /* SocketAnyEvent.swift */,
				74C9DAFC1DDB6E3F007F7A67 /* SocketClientManager.swift */,
				74C9DAFD1DDB6E3F007F7A67 /* SocketEngine.swift */,
				74C9DAFE1DDB6E3F007F7A67 /* SocketEngineClient.swift */,
				74C9DAFF1DDB6E3F007F7A67 /* SocketEnginePacketType.swift */,
				74C9DB001DDB6E3F007F7A67 /* SocketEnginePollable.swift */,
				74C9DB011DDB6E3F007F7A67 /* SocketEngineSpec.swift */,
				74C9DB021DDB6E3F007F7A67 /* SocketEngineWebsocket.swift */,
				74C9DB031DDB6E3F007F7A67 /* SocketEventHandler.swift */,
				74C9DB041DDB6E3F007F7A67 /* SocketExtensions.swift */,
				74C9DB051DDB6E3F007F7A67 /* SocketIOClient.swift */,
				74C9DB061DDB6E3F007F7A67 /* SocketIOClientConfiguration.swift */,
				74C9DB071DDB6E3F007F7A67 /* SocketIOClientOption.swift */,
				74C9DB081DDB6E3F007F7A67 /* SocketIOClientSpec.swift */,
				74C9DB091DDB6E3F007F7A67 /* SocketIOClientStatus.swift */,
				74C9DB0A1DDB6E3F007F7A67 /* SocketLogger.swift */,
				74C9DB0B1DDB6E3F007F7A67 /* SocketPacket.swift */,
				74C9DB0C1DDB6E3F007F7A67 /* SocketParsable.swift */,
				74C9DB0D1DDB6E3F007F7A67 /* SocketStringReader.swift */,
				74C9DB0E1DDB6E3F007F7A67 /* SocketTypes.swift */,
				74C9DB0F1DDB6E3F007F7A67 /* SSLSecurity.swift */,
				74C9DB101DDB6E3F007F7A67 /* WebSocket.swift */,
			);
			name = socketio;
			sourceTree = "<group>";
		};
/* End PBXGroup section */

/* Begin PBXNativeTarget section */
		74C9DAE21DDB6C75007F7A67 /* remoteio */ = {
			isa = PBXNativeTarget;
			buildConfigurationList = 74C9DAF51DDB6C75007F7A67 /* Build configuration list for PBXNativeTarget "remoteio" */;
			buildPhases = (
				74C9DADF1DDB6C75007F7A67 /* Sources */,
				74C9DAE01DDB6C75007F7A67 /* Frameworks */,
				74C9DAE11DDB6C75007F7A67 /* Resources */,
			);
			buildRules = (
			);
			dependencies = (
			);
			name = remoteio;
			productName = remoteio;
			productReference = 74C9DAE31DDB6C75007F7A67 /* remoteio.app */;
			productType = "com.apple.product-type.application";
		};
/* End PBXNativeTarget section */

/* Begin PBXProject section */
		74C9DADB1DDB6C75007F7A67 /* Project object */ = {
			isa = PBXProject;
			attributes = {
				LastSwiftUpdateCheck = 0810;
				LastUpgradeCheck = 0810;
				ORGANIZATIONNAME = "Satoshi Nakajima";
				TargetAttributes = {
					74C9DAE21DDB6C75007F7A67 = {
						CreatedOnToolsVersion = 8.1;
						DevelopmentTeam = P49349JSEZ;
						ProvisioningStyle = Automatic;
					};
				};
			};
			buildConfigurationList = 74C9DADE1DDB6C75007F7A67 /* Build configuration list for PBXProject "remoteio" */;
			compatibilityVersion = "Xcode 3.2";
			developmentRegion = English;
			hasScannedForEncodings = 0;
			knownRegions = (
				en,
				Base,
			);
			mainGroup = 74C9DADA1DDB6C75007F7A67;
			productRefGroup = 74C9DAE41DDB6C75007F7A67 /* Products */;
			projectDirPath = "";
			projectRoot = "";
			targets = (
				74C9DAE21DDB6C75007F7A67 /* remoteio */,
			);
		};
/* End PBXProject section */

/* Begin PBXResourcesBuildPhase section */
		74C9DAE11DDB6C75007F7A67 /* Resources */ = {
			isa = PBXResourcesBuildPhase;
			buildActionMask = 2147483647;
			files = (
				74C9DAF11DDB6C75007F7A67 /* LaunchScreen.storyboard in Resources */,
				74C9DAEE1DDB6C75007F7A67 /* Assets.xcassets in Resources */,
				74C9DAEC1DDB6C75007F7A67 /* Main.storyboard in Resources */,
			);
			runOnlyForDeploymentPostprocessing = 0;
		};
/* End PBXResourcesBuildPhase section */

/* Begin PBXSourcesBuildPhase section */
		74C9DADF1DDB6C75007F7A67 /* Sources */ = {
			isa = PBXSourcesBuildPhase;
			buildActionMask = 2147483647;
			files = (
				74C9DB1D1DDB6E3F007F7A67 /* SocketIOClient.swift in Sources */,
				74C9DB1C1DDB6E3F007F7A67 /* SocketExtensions.swift in Sources */,
				74C9DB1A1DDB6E3F007F7A67 /* SocketEngineWebsocket.swift in Sources */,
				74C9DB1F1DDB6E3F007F7A67 /* SocketIOClientOption.swift in Sources */,
				74C9DB201DDB6E3F007F7A67 /* SocketIOClientSpec.swift in Sources */,
				74C9DB211DDB6E3F007F7A67 /* SocketIOClientStatus.swift in Sources */,
				74C9DB221DDB6E3F007F7A67 /* SocketLogger.swift in Sources */,
				74C9DB131DDB6E3F007F7A67 /* SocketAnyEvent.swift in Sources */,
				74C9DB251DDB6E3F007F7A67 /* SocketStringReader.swift in Sources */,
				74C9DB281DDB6E3F007F7A67 /* WebSocket.swift in Sources */,
				74C9DB241DDB6E3F007F7A67 /* SocketParsable.swift in Sources */,
				74C9DB261DDB6E3F007F7A67 /* SocketTypes.swift in Sources */,
				74C9DB1B1DDB6E3F007F7A67 /* SocketEventHandler.swift in Sources */,
				74C9DB161DDB6E3F007F7A67 /* SocketEngineClient.swift in Sources */,
				74C9DB231DDB6E3F007F7A67 /* SocketPacket.swift in Sources */,
				74C9DB121DDB6E3F007F7A67 /* SocketAckManager.swift in Sources */,
				74C9DB191DDB6E3F007F7A67 /* SocketEngineSpec.swift in Sources */,
				74C9DB111DDB6E3F007F7A67 /* SocketAckEmitter.swift in Sources */,
				74C9DB151DDB6E3F007F7A67 /* SocketEngine.swift in Sources */,
				74C9DAE91DDB6C75007F7A67 /* ViewController.swift in Sources */,
				74C9DAE71DDB6C75007F7A67 /* AppDelegate.swift in Sources */,
				74C9DB1E1DDB6E3F007F7A67 /* SocketIOClientConfiguration.swift in Sources */,
				74C9DB271DDB6E3F007F7A67 /* SSLSecurity.swift in Sources */,
				74C9DB181DDB6E3F007F7A67 /* SocketEnginePollable.swift in Sources */,
				74C9DB171DDB6E3F007F7A67 /* SocketEnginePacketType.swift in Sources */,
				74C9DB141DDB6E3F007F7A67 /* SocketClientManager.swift in Sources */,
			);
			runOnlyForDeploymentPostprocessing = 0;
		};
/* End PBXSourcesBuildPhase section */

/* Begin PBXVariantGroup section */
		74C9DAEA1DDB6C75007F7A67 /* Main.storyboard */ = {
			isa = PBXVariantGroup;
			children = (
				74C9DAEB1DDB6C75007F7A67 /* Base */,
			);
			name = Main.storyboard;
			sourceTree = "<group>";
		};
		74C9DAEF1DDB6C75007F7A67 /* LaunchScreen.storyboard */ = {
			isa = PBXVariantGroup;
			children = (
				74C9DAF01DDB6C75007F7A67 /* Base */,
			);
			name = LaunchScreen.storyboard;
			sourceTree = "<group>";
		};
/* End PBXVariantGroup section */

/* Begin XCBuildConfiguration section */
		74C9DAF31DDB6C75007F7A67 /* Debug */ = {
			isa = XCBuildConfiguration;
			buildSettings = {
				ALWAYS_SEARCH_USER_PATHS = NO;
				CLANG_ANALYZER_NONNULL = YES;
				CLANG_CXX_LANGUAGE_STANDARD = "gnu++0x";
				CLANG_CXX_LIBRARY = "libc++";
				CLANG_ENABLE_MODULES = YES;
				CLANG_ENABLE_OBJC_ARC = YES;
				CLANG_WARN_BOOL_CONVERSION = YES;
				CLANG_WARN_CONSTANT_CONVERSION = YES;
				CLANG_WARN_DIRECT_OBJC_ISA_USAGE = YES_ERROR;
				CLANG_WARN_DOCUMENTATION_COMMENTS = YES;
				CLANG_WARN_EMPTY_BODY = YES;
				CLANG_WARN_ENUM_CONVERSION = YES;
				CLANG_WARN_INFINITE_RECURSION = YES;
				CLANG_WARN_INT_CONVERSION = YES;
				CLANG_WARN_OBJC_ROOT_CLASS = YES_ERROR;
				CLANG_WARN_SUSPICIOUS_MOVES = YES;
				CLANG_WARN_UNREACHABLE_CODE = YES;
				CLANG_WARN__DUPLICATE_METHOD_MATCH = YES;
				"CODE_SIGN_IDENTITY[sdk=iphoneos*]" = "iPhone Developer";
				COPY_PHASE_STRIP = NO;
				DEBUG_INFORMATION_FORMAT = dwarf;
				ENABLE_STRICT_OBJC_MSGSEND = YES;
				ENABLE_TESTABILITY = YES;
				GCC_C_LANGUAGE_STANDARD = gnu99;
				GCC_DYNAMIC_NO_PIC = NO;
				GCC_NO_COMMON_BLOCKS = YES;
				GCC_OPTIMIZATION_LEVEL = 0;
				GCC_PREPROCESSOR_DEFINITIONS = (
					"DEBUG=1",
					"$(inherited)",
				);
				GCC_WARN_64_TO_32_BIT_CONVERSION = YES;
				GCC_WARN_ABOUT_RETURN_TYPE = YES_ERROR;
				GCC_WARN_UNDECLARED_SELECTOR = YES;
				GCC_WARN_UNINITIALIZED_AUTOS = YES_AGGRESSIVE;
				GCC_WARN_UNUSED_FUNCTION = YES;
				GCC_WARN_UNUSED_VARIABLE = YES;
				IPHONEOS_DEPLOYMENT_TARGET = 10.1;
				MTL_ENABLE_DEBUG_INFO = YES;
				ONLY_ACTIVE_ARCH = YES;
				SDKROOT = iphoneos;
				SWIFT_ACTIVE_COMPILATION_CONDITIONS = DEBUG;
				SWIFT_OPTIMIZATION_LEVEL = "-Onone";
			};
			name = Debug;
		};
		74C9DAF41DDB6C75007F7A67 /* Release */ = {
			isa = XCBuildConfiguration;
			buildSettings = {
				ALWAYS_SEARCH_USER_PATHS = NO;
				CLANG_ANALYZER_NONNULL = YES;
				CLANG_CXX_LANGUAGE_STANDARD = "gnu++0x";
				CLANG_CXX_LIBRARY = "libc++";
				CLANG_ENABLE_MODULES = YES;
				CLANG_ENABLE_OBJC_ARC = YES;
				CLANG_WARN_BOOL_CONVERSION = YES;
				CLANG_WARN_CONSTANT_CONVERSION = YES;
				CLANG_WARN_DIRECT_OBJC_ISA_USAGE = YES_ERROR;
				CLANG_WARN_DOCUMENTATION_COMMENTS = YES;
				CLANG_WARN_EMPTY_BODY = YES;
				CLANG_WARN_ENUM_CONVERSION = YES;
				CLANG_WARN_INFINITE_RECURSION = YES;
				CLANG_WARN_INT_CONVERSION = YES;
				CLANG_WARN_OBJC_ROOT_CLASS = YES_ERROR;
				CLANG_WARN_SUSPICIOUS_MOVES = YES;
				CLANG_WARN_UNREACHABLE_CODE = YES;
				CLANG_WARN__DUPLICATE_METHOD_MATCH = YES;
				"CODE_SIGN_IDENTITY[sdk=iphoneos*]" = "iPhone Developer";
				COPY_PHASE_STRIP = NO;
				DEBUG_INFORMATION_FORMAT = "dwarf-with-dsym";
				ENABLE_NS_ASSERTIONS = NO;
				ENABLE_STRICT_OBJC_MSGSEND = YES;
				GCC_C_LANGUAGE_STANDARD = gnu99;
				GCC_NO_COMMON_BLOCKS = YES;
				GCC_WARN_64_TO_32_BIT_CONVERSION = YES;
				GCC_WARN_ABOUT_RETURN_TYPE = YES_ERROR;
				GCC_WARN_UNDECLARED_SELECTOR = YES;
				GCC_WARN_UNINITIALIZED_AUTOS = YES_AGGRESSIVE;
				GCC_WARN_UNUSED_FUNCTION = YES;
				GCC_WARN_UNUSED_VARIABLE = YES;
				IPHONEOS_DEPLOYMENT_TARGET = 10.1;
				MTL_ENABLE_DEBUG_INFO = NO;
				SDKROOT = iphoneos;
				SWIFT_OPTIMIZATION_LEVEL = "-Owholemodule";
				VALIDATE_PRODUCT = YES;
			};
			name = Release;
		};
		74C9DAF61DDB6C75007F7A67 /* Debug */ = {
			isa = XCBuildConfiguration;
			buildSettings = {
				ASSETCATALOG_COMPILER_APPICON_NAME = AppIcon;
				DEVELOPMENT_TEAM = P49349JSEZ;
				INFOPLIST_FILE = remoteio/Info.plist;
				LD_RUNPATH_SEARCH_PATHS = "$(inherited) @executable_path/Frameworks";
				PRODUCT_BUNDLE_IDENTIFIER = com.uievolution.remoteio;
				PRODUCT_NAME = "$(TARGET_NAME)";
				SWIFT_VERSION = 3.0;
			};
			name = Debug;
		};
		74C9DAF71DDB6C75007F7A67 /* Release */ = {
			isa = XCBuildConfiguration;
			buildSettings = {
				ASSETCATALOG_COMPILER_APPICON_NAME = AppIcon;
				DEVELOPMENT_TEAM = P49349JSEZ;
				INFOPLIST_FILE = remoteio/Info.plist;
				LD_RUNPATH_SEARCH_PATHS = "$(inherited) @executable_path/Frameworks";
				PRODUCT_BUNDLE_IDENTIFIER = com.uievolution.remoteio;
				PRODUCT_NAME = "$(TARGET_NAME)";
				SWIFT_VERSION = 3.0;
			};
			name = Release;
		};
/* End XCBuildConfiguration section */

/* Begin XCConfigurationList section */
		74C9DADE1DDB6C75007F7A67 /* Build configuration list for PBXProject "remoteio" */ = {
			isa = XCConfigurationList;
			buildConfigurations = (
				74C9DAF31DDB6C75007F7A67 /* Debug */,
				74C9DAF41DDB6C75007F7A67 /* Release */,
			);
			defaultConfigurationIsVisible = 0;
			defaultConfigurationName = Release;
		};
		74C9DAF51DDB6C75007F7A67 /* Build configuration list for PBXNativeTarget "remoteio" */ = {
			isa = XCConfigurationList;
			buildConfigurations = (
				74C9DAF61DDB6C75007F7A67 /* Debug */,
				74C9DAF71DDB6C75007F7A67 /* Release */,
			);
			defaultConfigurationIsVisible = 0;
		};
/* End XCConfigurationList section */
	};
	rootObject = 74C9DADB1DDB6C75007F7A67 /* Project object */;
}
