// !$*UTF8*$!
{
	archiveVersion = 1;
	classes = {
	};
	objectVersion = 46;
	objects = {

/* Begin PBXBuildFile section */
		74C9DAE71DDB6C75007F7A67 /* AppDelegate.swift in Sources */ = {isa = PBXBuildFile; fileRef = 74C9DAE61DDB6C75007F7A67 /* AppDelegate.swift */; };
		74C9DAE91DDB6C75007F7A67 /* ViewController.swift in Sources */ = {isa = PBXBuildFile; fileRef = 74C9DAE81DDB6C75007F7A67 /* ViewController.swift */; };
		74C9DAEC1DDB6C75007F7A67 /* Main.storyboard in Resources */ = {isa = PBXBuildFile; fileRef = 74C9DAEA1DDB6C75007F7A67 /* Main.storyboard */; };
		74C9DAEE1DDB6C75007F7A67 /* Assets.xcassets in Resources */ = {isa = PBXBuildFile; fileRef = 74C9DAED1DDB6C75007F7A67 /* Assets.xcassets */; };
		74C9DAF11DDB6C75007F7A67 /* LaunchScreen.storyboard in Resources */ = {isa = PBXBuildFile; fileRef = 74C9DAEF1DDB6C75007F7A67 /* LaunchScreen.storyboard */; };
/* End PBXBuildFile section */

/* Begin PBXFileReference section */
		74C9DAE31DDB6C75007F7A67 /* remoteio.app */ = {isa = PBXFileReference; explicitFileType = wrapper.application; includeInIndex = 0; path = remoteio.app; sourceTree = BUILT_PRODUCTS_DIR; };
		74C9DAE61DDB6C75007F7A67 /* AppDelegate.swift */ = {isa = PBXFileReference; lastKnownFileType = sourcecode.swift; path = AppDelegate.swift; sourceTree = "<group>"; };
		74C9DAE81DDB6C75007F7A67 /* ViewController.swift */ = {isa = PBXFileReference; lastKnownFileType = sourcecode.swift; path = ViewController.swift; sourceTree = "<group>"; };
		74C9DAEB1DDB6C75007F7A67 /* Base */ = {isa = PBXFileReference; lastKnownFileType = file.storyboard; name = Base; path = Base.lproj/Main.storyboard; sourceTree = "<group>"; };
		74C9DAED1DDB6C75007F7A67 /* Assets.xcassets */ = {isa = PBXFileReference; lastKnownFileType = folder.assetcatalog; path = Assets.xcassets; sourceTree = "<group>"; };
		74C9DAF01DDB6C75007F7A67 /* Base */ = {isa = PBXFileReference; lastKnownFileType = file.storyboard; name = Base; path = Base.lproj/LaunchScreen.storyboard; sourceTree = "<group>"; };
		74C9DAF21DDB6C75007F7A67 /* Info.plist */ = {isa = PBXFileReference; lastKnownFileType = text.plist.xml; path = Info.plist; sourceTree = "<group>"; };
/* End PBXFileReference section */

/* Begin PBXFrameworksBuildPhase section */
		74C9DAE01DDB6C75007F7A67 /* Frameworks */ = {
			isa = PBXFrameworksBuildPhase;
			buildActionMask = 2147483647;
			files = (
			);
			runOnlyForDeploymentPostprocessing = 0;
		};
/* End PBXFrameworksBuildPhase section */

/* Begin PBXGroup section */
		74C9DADA1DDB6C75007F7A67 = {
			isa = PBXGroup;
			children = (
				74C9DAE51DDB6C75007F7A67 /* remoteio */,
				74C9DAE41DDB6C75007F7A67 /* Products */,
			);
			sourceTree = "<group>";
		};
		74C9DAE41DDB6C75007F7A67 /* Products */ = {
			isa = PBXGroup;
			children = (
				74C9DAE31DDB6C75007F7A67 /* remoteio.app */,
			);
			name = Products;
			sourceTree = "<group>";
		};
		74C9DAE51DDB6C75007F7A67 /* remoteio */ = {
			isa = PBXGroup;
			children = (
				74C9DAE61DDB6C75007F7A67 /* AppDelegate.swift */,
				74C9DAE81DDB6C75007F7A67 /* ViewController.swift */,
				74C9DAEA1DDB6C75007F7A67 /* Main.storyboard */,
				74C9DAED1DDB6C75007F7A67 /* Assets.xcassets */,
				74C9DAEF1DDB6C75007F7A67 /* LaunchScreen.storyboard */,
				74C9DAF21DDB6C75007F7A67 /* Info.plist */,
			);
			path = remoteio;
			sourceTree = "<group>";
		};
/* End PBXGroup section */

/* Begin PBXNativeTarget section */
		74C9DAE21DDB6C75007F7A67 /* remoteio */ = {
			isa = PBXNativeTarget;
			buildConfigurationList = 74C9DAF51DDB6C75007F7A67 /* Build configuration list for PBXNativeTarget "remoteio" */;
			buildPhases = (
				74C9DADF1DDB6C75007F7A67 /* Sources */,
				74C9DAE01DDB6C75007F7A67 /* Frameworks */,
				74C9DAE11DDB6C75007F7A67 /* Resources */,
			);
			buildRules = (
			);
			dependencies = (
			);
			name = remoteio;
			productName = remoteio;
			productReference = 74C9DAE31DDB6C75007F7A67 /* remoteio.app */;
			productType = "com.apple.product-type.application";
		};
/* End PBXNativeTarget section */

/* Begin PBXProject section */
		74C9DADB1DDB6C75007F7A67 /* Project object */ = {
			isa = PBXProject;
			attributes = {
				LastSwiftUpdateCheck = 0810;
				LastUpgradeCheck = 0810;
				ORGANIZATIONNAME = "Satoshi Nakajima";
				TargetAttributes = {
					74C9DAE21DDB6C75007F7A67 = {
						CreatedOnToolsVersion = 8.1;
						DevelopmentTeam = P49349JSEZ;
						ProvisioningStyle = Automatic;
					};
				};
			};
			buildConfigurationList = 74C9DADE1DDB6C75007F7A67 /* Build configuration list for PBXProject "remoteio" */;
			compatibilityVersion = "Xcode 3.2";
			developmentRegion = English;
			hasScannedForEncodings = 0;
			knownRegions = (
				en,
				Base,
			);
			mainGroup = 74C9DADA1DDB6C75007F7A67;
			productRefGroup = 74C9DAE41DDB6C75007F7A67 /* Products */;
			projectDirPath = "";
			projectRoot = "";
			targets = (
				74C9DAE21DDB6C75007F7A67 /* remoteio */,
			);
		};
/* End PBXProject section */

/* Begin PBXResourcesBuildPhase section */
		74C9DAE11DDB6C75007F7A67 /* Resources */ = {
			isa = PBXResourcesBuildPhase;
			buildActionMask = 2147483647;
			files = (
				74C9DAF11DDB6C75007F7A67 /* LaunchScreen.storyboard in Resources */,
				74C9DAEE1DDB6C75007F7A67 /* Assets.xcassets in Resources */,
				74C9DAEC1DDB6C75007F7A67 /* Main.storyboard in Resources */,
			);
			runOnlyForDeploymentPostprocessing = 0;
		};
/* End PBXResourcesBuildPhase section */

/* Begin PBXSourcesBuildPhase section */
		74C9DADF1DDB6C75007F7A67 /* Sources */ = {
			isa = PBXSourcesBuildPhase;
			buildActionMask = 2147483647;
			files = (
				74C9DAE91DDB6C75007F7A67 /* ViewController.swift in Sources */,
				74C9DAE71DDB6C75007F7A67 /* AppDelegate.swift in Sources */,
			);
			runOnlyForDeploymentPostprocessing = 0;
		};
/* End PBXSourcesBuildPhase section */

/* Begin PBXVariantGroup section */
		74C9DAEA1DDB6C75007F7A67 /* Main.storyboard */ = {
			isa = PBXVariantGroup;
			children = (
				74C9DAEB1DDB6C75007F7A67 /* Base */,
			);
			name = Main.storyboard;
			sourceTree = "<group>";
		};
		74C9DAEF1DDB6C75007F7A67 /* LaunchScreen.storyboard */ = {
			isa = PBXVariantGroup;
			children = (
				74C9DAF01DDB6C75007F7A67 /* Base */,
			);
			name = LaunchScreen.storyboard;
			sourceTree = "<group>";
		};
/* End PBXVariantGroup section */

/* Begin XCBuildConfiguration section */
		74C9DAF31DDB6C75007F7A67 /* Debug */ = {
			isa = XCBuildConfiguration;
			buildSettings = {
				ALWAYS_SEARCH_USER_PATHS = NO;
				CLANG_ANALYZER_NONNULL = YES;
				CLANG_CXX_LANGUAGE_STANDARD = "gnu++0x";
				CLANG_CXX_LIBRARY = "libc++";
				CLANG_ENABLE_MODULES = YES;
				CLANG_ENABLE_OBJC_ARC = YES;
				CLANG_WARN_BOOL_CONVERSION = YES;
				CLANG_WARN_CONSTANT_CONVERSION = YES;
				CLANG_WARN_DIRECT_OBJC_ISA_USAGE = YES_ERROR;
				CLANG_WARN_DOCUMENTATION_COMMENTS = YES;
				CLANG_WARN_EMPTY_BODY = YES;
				CLANG_WARN_ENUM_CONVERSION = YES;
				CLANG_WARN_INFINITE_RECURSION = YES;
				CLANG_WARN_INT_CONVERSION = YES;
				CLANG_WARN_OBJC_ROOT_CLASS = YES_ERROR;
				CLANG_WARN_SUSPICIOUS_MOVES = YES;
				CLANG_WARN_UNREACHABLE_CODE = YES;
				CLANG_WARN__DUPLICATE_METHOD_MATCH = YES;
				"CODE_SIGN_IDENTITY[sdk=iphoneos*]" = "iPhone Developer";
				COPY_PHASE_STRIP = NO;
				DEBUG_INFORMATION_FORMAT = dwarf;
				ENABLE_STRICT_OBJC_MSGSEND = YES;
				ENABLE_TESTABILITY = YES;
				GCC_C_LANGUAGE_STANDARD = gnu99;
				GCC_DYNAMIC_NO_PIC = NO;
				GCC_NO_COMMON_BLOCKS = YES;
				GCC_OPTIMIZATION_LEVEL = 0;
				GCC_PREPROCESSOR_DEFINITIONS = (
					"DEBUG=1",
					"$(inherited)",
				);
				GCC_WARN_64_TO_32_BIT_CONVERSION = YES;
				GCC_WARN_ABOUT_RETURN_TYPE = YES_ERROR;
				GCC_WARN_UNDECLARED_SELECTOR = YES;
				GCC_WARN_UNINITIALIZED_AUTOS = YES_AGGRESSIVE;
				GCC_WARN_UNUSED_FUNCTION = YES;
				GCC_WARN_UNUSED_VARIABLE = YES;
				IPHONEOS_DEPLOYMENT_TARGET = 10.1;
				MTL_ENABLE_DEBUG_INFO = YES;
				ONLY_ACTIVE_ARCH = YES;
				SDKROOT = iphoneos;
				SWIFT_ACTIVE_COMPILATION_CONDITIONS = DEBUG;
				SWIFT_OPTIMIZATION_LEVEL = "-Onone";
			};
			name = Debug;
		};
		74C9DAF41DDB6C75007F7A67 /* Release */ = {
			isa = XCBuildConfiguration;
			buildSettings = {
				ALWAYS_SEARCH_USER_PATHS = NO;
				CLANG_ANALYZER_NONNULL = YES;
				CLANG_CXX_LANGUAGE_STANDARD = "gnu++0x";
				CLANG_CXX_LIBRARY = "libc++";
				CLANG_ENABLE_MODULES = YES;
				CLANG_ENABLE_OBJC_ARC = YES;
				CLANG_WARN_BOOL_CONVERSION = YES;
				CLANG_WARN_CONSTANT_CONVERSION = YES;
				CLANG_WARN_DIRECT_OBJC_ISA_USAGE = YES_ERROR;
				CLANG_WARN_DOCUMENTATION_COMMENTS = YES;
				CLANG_WARN_EMPTY_BODY = YES;
				CLANG_WARN_ENUM_CONVERSION = YES;
				CLANG_WARN_INFINITE_RECURSION = YES;
				CLANG_WARN_INT_CONVERSION = YES;
				CLANG_WARN_OBJC_ROOT_CLASS = YES_ERROR;
				CLANG_WARN_SUSPICIOUS_MOVES = YES;
				CLANG_WARN_UNREACHABLE_CODE = YES;
				CLANG_WARN__DUPLICATE_METHOD_MATCH = YES;
				"CODE_SIGN_IDENTITY[sdk=iphoneos*]" = "iPhone Developer";
				COPY_PHASE_STRIP = NO;
				DEBUG_INFORMATION_FORMAT = "dwarf-with-dsym";
				ENABLE_NS_ASSERTIONS = NO;
				ENABLE_STRICT_OBJC_MSGSEND = YES;
				GCC_C_LANGUAGE_STANDARD = gnu99;
				GCC_NO_COMMON_BLOCKS = YES;
				GCC_WARN_64_TO_32_BIT_CONVERSION = YES;
				GCC_WARN_ABOUT_RETURN_TYPE = YES_ERROR;
				GCC_WARN_UNDECLARED_SELECTOR = YES;
				GCC_WARN_UNINITIALIZED_AUTOS = YES_AGGRESSIVE;
				GCC_WARN_UNUSED_FUNCTION = YES;
				GCC_WARN_UNUSED_VARIABLE = YES;
				IPHONEOS_DEPLOYMENT_TARGET = 10.1;
				MTL_ENABLE_DEBUG_INFO = NO;
				SDKROOT = iphoneos;
				SWIFT_OPTIMIZATION_LEVEL = "-Owholemodule";
				VALIDATE_PRODUCT = YES;
			};
			name = Release;
		};
		74C9DAF61DDB6C75007F7A67 /* Debug */ = {
			isa = XCBuildConfiguration;
			buildSettings = {
				ASSETCATALOG_COMPILER_APPICON_NAME = AppIcon;
				DEVELOPMENT_TEAM = P49349JSEZ;
				INFOPLIST_FILE = remoteio/Info.plist;
				LD_RUNPATH_SEARCH_PATHS = "$(inherited) @executable_path/Frameworks";
				PRODUCT_BUNDLE_IDENTIFIER = com.uievolution.remoteio;
				PRODUCT_NAME = "$(TARGET_NAME)";
				SWIFT_VERSION = 3.0;
			};
			name = Debug;
		};
		74C9DAF71DDB6C75007F7A67 /* Release */ = {
			isa = XCBuildConfiguration;
			buildSettings = {
				ASSETCATALOG_COMPILER_APPICON_NAME = AppIcon;
				DEVELOPMENT_TEAM = P49349JSEZ;
				INFOPLIST_FILE = remoteio/Info.plist;
				LD_RUNPATH_SEARCH_PATHS = "$(inherited) @executable_path/Frameworks";
				PRODUCT_BUNDLE_IDENTIFIER = com.uievolution.remoteio;
				PRODUCT_NAME = "$(TARGET_NAME)";
				SWIFT_VERSION = 3.0;
			};
			name = Release;
		};
/* End XCBuildConfiguration section */

/* Begin XCConfigurationList section */
		74C9DADE1DDB6C75007F7A67 /* Build configuration list for PBXProject "remoteio" */ = {
			isa = XCConfigurationList;
			buildConfigurations = (
				74C9DAF31DDB6C75007F7A67 /* Debug */,
				74C9DAF41DDB6C75007F7A67 /* Release */,
			);
			defaultConfigurationIsVisible = 0;
			defaultConfigurationName = Release;
		};
		74C9DAF51DDB6C75007F7A67 /* Build configuration list for PBXNativeTarget "remoteio" */ = {
			isa = XCConfigurationList;
			buildConfigurations = (
				74C9DAF61DDB6C75007F7A67 /* Debug */,
				74C9DAF71DDB6C75007F7A67 /* Release */,
			);
			defaultConfigurationIsVisible = 0;
		};
/* End XCConfigurationList section */
	};
	rootObject = 74C9DADB1DDB6C75007F7A67 /* Project object */;
}
